
Microsoft Visual Studio Solution File, Format Version 12.00
# Visual Studio Version 17
VisualStudioVersion = 17.6.33723.286
MinimumVisualStudioVersion = 10.0.40219.1
Project("{FAE04EC0-301F-11D3-BF4B-00C04F79EFBC}") = "boletin5os", "boletin5os.csproj", "{45BF933A-7C0E-44E1-B7C0-FF06602C04F9}"
EndProject
Global
	GlobalSection(SolutionConfigurationPlatforms) = preSolution
		Debug|Any CPU = Debug|Any CPU
		Release|Any CPU = Release|Any CPU
	EndGlobalSection
	GlobalSection(ProjectConfigurationPlatforms) = postSolution
		{45BF933A-7C0E-44E1-B7C0-FF06602C04F9}.Debug|Any CPU.ActiveCfg = Debug|Any CPU
		{45BF933A-7C0E-44E1-B7C0-FF06602C04F9}.Debug|Any CPU.Build.0 = Debug|Any CPU
		{45BF933A-7C0E-44E1-B7C0-FF06602C04F9}.Release|Any CPU.ActiveCfg = Release|Any CPU
		{45BF933A-7C0E-44E1-B7C0-FF06602C04F9}.Release|Any CPU.Build.0 = Release|Any CPU
	EndGlobalSection
	GlobalSection(SolutionProperties) = preSolution
		HideSolutionNode = FALSE
	EndGlobalSection
	GlobalSection(ExtensibilityGlobals) = postSolution
		SolutionGuid = {FB6A89F0-2300-4DA1-B488-D5E17C938CA1}
	EndGlobalSection
EndGlobal
