
Microsoft Visual Studio Solution File, Format Version 12.00
# Visual Studio Version 17
VisualStudioVersion = 17.6.33723.286
MinimumVisualStudioVersion = 10.0.40219.1
Project("{FAE04EC0-301F-11D3-BF4B-00C04F79EFBC}") = "Boletin 4", "Boletin 4.csproj", "{0FC81707-F51E-47A6-BECD-26E0E296B3C6}"
EndProject
Global
	GlobalSection(SolutionConfigurationPlatforms) = preSolution
		Debug|Any CPU = Debug|Any CPU
		Release|Any CPU = Release|Any CPU
	EndGlobalSection
	GlobalSection(ProjectConfigurationPlatforms) = postSolution
		{0FC81707-F51E-47A6-BECD-26E0E296B3C6}.Debug|Any CPU.ActiveCfg = Debug|Any CPU
		{0FC81707-F51E-47A6-BECD-26E0E296B3C6}.Debug|Any CPU.Build.0 = Debug|Any CPU
		{0FC81707-F51E-47A6-BECD-26E0E296B3C6}.Release|Any CPU.ActiveCfg = Release|Any CPU
		{0FC81707-F51E-47A6-BECD-26E0E296B3C6}.Release|Any CPU.Build.0 = Release|Any CPU
	EndGlobalSection
	GlobalSection(SolutionProperties) = preSolution
		HideSolutionNode = FALSE
	EndGlobalSection
	GlobalSection(ExtensibilityGlobals) = postSolution
		SolutionGuid = {73CB3321-6418-41D9-BDE3-9DA7BD829BC8}
	EndGlobalSection
EndGlobal
