
Microsoft Visual Studio Solution File, Format Version 12.00
# Visual Studio Version 17
VisualStudioVersion = 17.6.33723.286
MinimumVisualStudioVersion = 10.0.40219.1
Project("{FAE04EC0-301F-11D3-BF4B-00C04F79EFBC}") = "boletin5h", "boletin5h.csproj", "{50DD2715-CE66-4D75-BBA7-D3313CAD17D9}"
EndProject
Global
	GlobalSection(SolutionConfigurationPlatforms) = preSolution
		Debug|Any CPU = Debug|Any CPU
		Release|Any CPU = Release|Any CPU
	EndGlobalSection
	GlobalSection(ProjectConfigurationPlatforms) = postSolution
		{50DD2715-CE66-4D75-BBA7-D3313CAD17D9}.Debug|Any CPU.ActiveCfg = Debug|Any CPU
		{50DD2715-CE66-4D75-BBA7-D3313CAD17D9}.Debug|Any CPU.Build.0 = Debug|Any CPU
		{50DD2715-CE66-4D75-BBA7-D3313CAD17D9}.Release|Any CPU.ActiveCfg = Release|Any CPU
		{50DD2715-CE66-4D75-BBA7-D3313CAD17D9}.Release|Any CPU.Build.0 = Release|Any CPU
	EndGlobalSection
	GlobalSection(SolutionProperties) = preSolution
		HideSolutionNode = FALSE
	EndGlobalSection
	GlobalSection(ExtensibilityGlobals) = postSolution
		SolutionGuid = {00E891F7-57DF-41C1-AC9B-0102914C6336}
	EndGlobalSection
EndGlobal
