
Microsoft Visual Studio Solution File, Format Version 12.00
# Visual Studio Version 17
VisualStudioVersion = 17.6.33723.286
MinimumVisualStudioVersion = 10.0.40219.1
Project("{FAE04EC0-301F-11D3-BF4B-00C04F79EFBC}") = "explicacion-arrays", "explicacion-arrays.csproj", "{9F6FF389-5EE4-4481-A367-90DD745EFA5A}"
EndProject
Global
	GlobalSection(SolutionConfigurationPlatforms) = preSolution
		Debug|Any CPU = Debug|Any CPU
		Release|Any CPU = Release|Any CPU
	EndGlobalSection
	GlobalSection(ProjectConfigurationPlatforms) = postSolution
		{9F6FF389-5EE4-4481-A367-90DD745EFA5A}.Debug|Any CPU.ActiveCfg = Debug|Any CPU
		{9F6FF389-5EE4-4481-A367-90DD745EFA5A}.Debug|Any CPU.Build.0 = Debug|Any CPU
		{9F6FF389-5EE4-4481-A367-90DD745EFA5A}.Release|Any CPU.ActiveCfg = Release|Any CPU
		{9F6FF389-5EE4-4481-A367-90DD745EFA5A}.Release|Any CPU.Build.0 = Release|Any CPU
	EndGlobalSection
	GlobalSection(SolutionProperties) = preSolution
		HideSolutionNode = FALSE
	EndGlobalSection
	GlobalSection(ExtensibilityGlobals) = postSolution
		SolutionGuid = {58B06907-9587-400E-AC34-7E365539801F}
	EndGlobalSection
EndGlobal
