
Microsoft Visual Studio Solution File, Format Version 12.00
# Visual Studio Version 17
VisualStudioVersion = 17.6.33723.286
MinimumVisualStudioVersion = 10.0.40219.1
Project("{FAE04EC0-301F-11D3-BF4B-00C04F79EFBC}") = "Conexionficheros3", "Conexionficheros3.csproj", "{7D1695BC-51EB-4EDB-8F0F-783209311B52}"
EndProject
Global
	GlobalSection(SolutionConfigurationPlatforms) = preSolution
		Debug|Any CPU = Debug|Any CPU
		Release|Any CPU = Release|Any CPU
	EndGlobalSection
	GlobalSection(ProjectConfigurationPlatforms) = postSolution
		{7D1695BC-51EB-4EDB-8F0F-783209311B52}.Debug|Any CPU.ActiveCfg = Debug|Any CPU
		{7D1695BC-51EB-4EDB-8F0F-783209311B52}.Debug|Any CPU.Build.0 = Debug|Any CPU
		{7D1695BC-51EB-4EDB-8F0F-783209311B52}.Release|Any CPU.ActiveCfg = Release|Any CPU
		{7D1695BC-51EB-4EDB-8F0F-783209311B52}.Release|Any CPU.Build.0 = Release|Any CPU
	EndGlobalSection
	GlobalSection(SolutionProperties) = preSolution
		HideSolutionNode = FALSE
	EndGlobalSection
	GlobalSection(ExtensibilityGlobals) = postSolution
		SolutionGuid = {383EC63F-8294-4D3E-BDF2-EBBF0C92C7BA}
	EndGlobalSection
EndGlobal
