
Microsoft Visual Studio Solution File, Format Version 12.00
# Visual Studio Version 17
VisualStudioVersion = 17.6.33723.286
MinimumVisualStudioVersion = 10.0.40219.1
Project("{FAE04EC0-301F-11D3-BF4B-00C04F79EFBC}") = "boletin5", "boletin5.csproj", "{D292B868-6238-4182-9860-EC8566CE8DBD}"
EndProject
Global
	GlobalSection(SolutionConfigurationPlatforms) = preSolution
		Debug|Any CPU = Debug|Any CPU
		Release|Any CPU = Release|Any CPU
	EndGlobalSection
	GlobalSection(ProjectConfigurationPlatforms) = postSolution
		{D292B868-6238-4182-9860-EC8566CE8DBD}.Debug|Any CPU.ActiveCfg = Debug|Any CPU
		{D292B868-6238-4182-9860-EC8566CE8DBD}.Debug|Any CPU.Build.0 = Debug|Any CPU
		{D292B868-6238-4182-9860-EC8566CE8DBD}.Release|Any CPU.ActiveCfg = Release|Any CPU
		{D292B868-6238-4182-9860-EC8566CE8DBD}.Release|Any CPU.Build.0 = Release|Any CPU
	EndGlobalSection
	GlobalSection(SolutionProperties) = preSolution
		HideSolutionNode = FALSE
	EndGlobalSection
	GlobalSection(ExtensibilityGlobals) = postSolution
		SolutionGuid = {45D2B6EF-C8D2-4717-B215-4C9D2D569E3E}
	EndGlobalSection
EndGlobal
