
Microsoft Visual Studio Solution File, Format Version 12.00
# Visual Studio Version 17
VisualStudioVersion = 17.6.33723.286
MinimumVisualStudioVersion = 10.0.40219.1
Project("{FAE04EC0-301F-11D3-BF4B-00C04F79EFBC}") = "referenciaifElse", "referenciaifElse.csproj", "{714F0559-C793-4E5E-B581-8D24D9869FDF}"
EndProject
Global
	GlobalSection(SolutionConfigurationPlatforms) = preSolution
		Debug|Any CPU = Debug|Any CPU
		Release|Any CPU = Release|Any CPU
	EndGlobalSection
	GlobalSection(ProjectConfigurationPlatforms) = postSolution
		{714F0559-C793-4E5E-B581-8D24D9869FDF}.Debug|Any CPU.ActiveCfg = Debug|Any CPU
		{714F0559-C793-4E5E-B581-8D24D9869FDF}.Debug|Any CPU.Build.0 = Debug|Any CPU
		{714F0559-C793-4E5E-B581-8D24D9869FDF}.Release|Any CPU.ActiveCfg = Release|Any CPU
		{714F0559-C793-4E5E-B581-8D24D9869FDF}.Release|Any CPU.Build.0 = Release|Any CPU
	EndGlobalSection
	GlobalSection(SolutionProperties) = preSolution
		HideSolutionNode = FALSE
	EndGlobalSection
	GlobalSection(ExtensibilityGlobals) = postSolution
		SolutionGuid = {55EB13D8-F256-4145-AED4-36736A17DC5B}
	EndGlobalSection
EndGlobal
