
Microsoft Visual Studio Solution File, Format Version 12.00
# Visual Studio Version 17
VisualStudioVersion = 17.6.33723.286
MinimumVisualStudioVersion = 10.0.40219.1
Project("{FAE04EC0-301F-11D3-BF4B-00C04F79EFBC}") = "ejercicio5boletin3", "ejercicio5boletin3.csproj", "{DD87D5D6-B54D-4666-B617-BF7357A26D9A}"
EndProject
Global
	GlobalSection(SolutionConfigurationPlatforms) = preSolution
		Debug|Any CPU = Debug|Any CPU
		Release|Any CPU = Release|Any CPU
	EndGlobalSection
	GlobalSection(ProjectConfigurationPlatforms) = postSolution
		{DD87D5D6-B54D-4666-B617-BF7357A26D9A}.Debug|Any CPU.ActiveCfg = Debug|Any CPU
		{DD87D5D6-B54D-4666-B617-BF7357A26D9A}.Debug|Any CPU.Build.0 = Debug|Any CPU
		{DD87D5D6-B54D-4666-B617-BF7357A26D9A}.Release|Any CPU.ActiveCfg = Release|Any CPU
		{DD87D5D6-B54D-4666-B617-BF7357A26D9A}.Release|Any CPU.Build.0 = Release|Any CPU
	EndGlobalSection
	GlobalSection(SolutionProperties) = preSolution
		HideSolutionNode = FALSE
	EndGlobalSection
	GlobalSection(ExtensibilityGlobals) = postSolution
		SolutionGuid = {D78255EF-5F9B-492D-98AC-0911429C5E33}
	EndGlobalSection
EndGlobal
