
Microsoft Visual Studio Solution File, Format Version 12.00
# Visual Studio Version 17
VisualStudioVersion = 17.6.33723.286
MinimumVisualStudioVersion = 10.0.40219.1
Project("{FAE04EC0-301F-11D3-BF4B-00C04F79EFBC}") = "Ejercicio11y26", "Ejercicio11y26.csproj", "{4793BF11-FF20-43BE-B23D-7F582A4049FC}"
EndProject
Global
	GlobalSection(SolutionConfigurationPlatforms) = preSolution
		Debug|Any CPU = Debug|Any CPU
		Release|Any CPU = Release|Any CPU
	EndGlobalSection
	GlobalSection(ProjectConfigurationPlatforms) = postSolution
		{4793BF11-FF20-43BE-B23D-7F582A4049FC}.Debug|Any CPU.ActiveCfg = Debug|Any CPU
		{4793BF11-FF20-43BE-B23D-7F582A4049FC}.Debug|Any CPU.Build.0 = Debug|Any CPU
		{4793BF11-FF20-43BE-B23D-7F582A4049FC}.Release|Any CPU.ActiveCfg = Release|Any CPU
		{4793BF11-FF20-43BE-B23D-7F582A4049FC}.Release|Any CPU.Build.0 = Release|Any CPU
	EndGlobalSection
	GlobalSection(SolutionProperties) = preSolution
		HideSolutionNode = FALSE
	EndGlobalSection
	GlobalSection(ExtensibilityGlobals) = postSolution
		SolutionGuid = {0C8BB362-BB88-4595-83DF-4E6B9DAD447A}
	EndGlobalSection
EndGlobal
